// !$*UTF8*$!
{
	archiveVersion = 1;
	classes = {
	};
	objectVersion = 77;
	objects = {

/* Begin PBXContainerItemProxy section */
		7701B8C62D73F5AC009D87E4 /* PBXContainerItemProxy */ = {
			isa = PBXContainerItemProxy;
			containerPortal = 7701B8A72D73F5AA009D87E4 /* Project object */;
			proxyType = 1;
			remoteGlobalIDString = 7701B8AE2D73F5AA009D87E4;
			remoteInfo = CityFacts;
		};
		7701B8D02D73F5AC009D87E4 /* PBXContainerItemProxy */ = {
			isa = PBXContainerItemProxy;
			containerPortal = 7701B8A72D73F5AA009D87E4 /* Project object */;
			proxyType = 1;
			remoteGlobalIDString = 7701B8AE2D73F5AA009D87E4;
			remoteInfo = CityFacts;
		};
/* End PBXContainerItemProxy section */

/* Begin PBXFileReference section */
		7701B8AF2D73F5AA009D87E4 /* CityFacts.app */ = {isa = PBXFileReference; explicitFileType = wrapper.application; includeInIndex = 0; path = CityFacts.app; sourceTree = BUILT_PRODUCTS_DIR; };
		7701B8C52D73F5AC009D87E4 /* CityFactsTests.xctest */ = {isa = PBXFileReference; explicitFileType = wrapper.cfbundle; includeInIndex = 0; path = CityFactsTests.xctest; sourceTree = BUILT_PRODUCTS_DIR; };
		7701B8CF2D73F5AC009D87E4 /* CityFactsUITests.xctest */ = {isa = PBXFileReference; explicitFileType = wrapper.cfbundle; includeInIndex = 0; path = CityFactsUITests.xctest; sourceTree = BUILT_PRODUCTS_DIR; };
/* End PBXFileReference section */

/* Begin PBXFileSystemSynchronizedBuildFileExceptionSet section */
		7701B8D72D73F5AC009D87E4 /* Exceptions for "CityFacts" folder in "CityFacts" target */ = {
			isa = PBXFileSystemSynchronizedBuildFileExceptionSet;
			membershipExceptions = (
				Info.plist,
			);
			target = 7701B8AE2D73F5AA009D87E4 /* CityFacts */;
		};
/* End PBXFileSystemSynchronizedBuildFileExceptionSet section */

/* Begin PBXFileSystemSynchronizedRootGroup section */
		7701B8B12D73F5AA009D87E4 /* CityFacts */ = {
			isa = PBXFileSystemSynchronizedRootGroup;
			exceptions = (
				7701B8D72D73F5AC009D87E4 /* Exceptions for "CityFacts" folder in "CityFacts" target */,
			);
			path = CityFacts;
			sourceTree = "<group>";
		};
		7701B8C82D73F5AC009D87E4 /* CityFactsTests */ = {
			isa = PBXFileSystemSynchronizedRootGroup;
			path = CityFactsTests;
			sourceTree = "<group>";
		};
		7701B8D22D73F5AC009D87E4 /* CityFactsUITests */ = {
			isa = PBXFileSystemSynchronizedRootGroup;
			path = CityFactsUITests;
			sourceTree = "<group>";
		};
/* End PBXFileSystemSynchronizedRootGroup section */

/* Begin PBXFrameworksBuildPhase section */
		7701B8AC2D73F5AA009D87E4 /* Frameworks */ = {
			isa = PBXFrameworksBuildPhase;
			buildActionMask = 2147483647;
			files = (
			);
			runOnlyForDeploymentPostprocessing = 0;
		};
		7701B8C22D73F5AC009D87E4 /* Frameworks */ = {
			isa = PBXFrameworksBuildPhase;
			buildActionMask = 2147483647;
			files = (
			);
			runOnlyForDeploymentPostprocessing = 0;
		};
		7701B8CC2D73F5AC009D87E4 /* Frameworks */ = {
			isa = PBXFrameworksBuildPhase;
			buildActionMask = 2147483647;
			files = (
			);
			runOnlyForDeploymentPostprocessing = 0;
		};
/* End PBXFrameworksBuildPhase section */

/* Begin PBXGroup section */
		7701B8A62D73F5AA009D87E4 = {
			isa = PBXGroup;
			children = (
				7701B8B12D73F5AA009D87E4 /* CityFacts */,
				7701B8C82D73F5AC009D87E4 /* CityFactsTests */,
				7701B8D22D73F5AC009D87E4 /* CityFactsUITests */,
				7701B8B02D73F5AA009D87E4 /* Products */,
			);
			sourceTree = "<group>";
		};
		7701B8B02D73F5AA009D87E4 /* Products */ = {
			isa = PBXGroup;
			children = (
				7701B8AF2D73F5AA009D87E4 /* CityFacts.app */,
				7701B8C52D73F5AC009D87E4 /* CityFactsTests.xctest */,
				7701B8CF2D73F5AC009D87E4 /* CityFactsUITests.xctest */,
			);
			name = Products;
			sourceTree = "<group>";
		};
/* End PBXGroup section */

/* Begin PBXNativeTarget section */
		7701B8AE2D73F5AA009D87E4 /* CityFacts */ = {
			isa = PBXNativeTarget;
			buildConfigurationList = 7701B8D82D73F5AC009D87E4 /* Build configuration list for PBXNativeTarget "CityFacts" */;
			buildPhases = (
				7701B8AB2D73F5AA009D87E4 /* Sources */,
				7701B8AC2D73F5AA009D87E4 /* Frameworks */,
				7701B8AD2D73F5AA009D87E4 /* Resources */,
			);
			buildRules = (
			);
			dependencies = (
			);
			fileSystemSynchronizedGroups = (
				7701B8B12D73F5AA009D87E4 /* CityFacts */,
			);
			name = CityFacts;
			packageProductDependencies = (
			);
			productName = CityFacts;
			productReference = 7701B8AF2D73F5AA009D87E4 /* CityFacts.app */;
			productType = "com.apple.product-type.application";
		};
		7701B8C42D73F5AC009D87E4 /* CityFactsTests */ = {
			isa = PBXNativeTarget;
			buildConfigurationList = 7701B8DD2D73F5AC009D87E4 /* Build configuration list for PBXNativeTarget "CityFactsTests" */;
			buildPhases = (
				7701B8C12D73F5AC009D87E4 /* Sources */,
				7701B8C22D73F5AC009D87E4 /* Frameworks */,
				7701B8C32D73F5AC009D87E4 /* Resources */,
			);
			buildRules = (
			);
			dependencies = (
				7701B8C72D73F5AC009D87E4 /* PBXTargetDependency */,
			);
			fileSystemSynchronizedGroups = (
				7701B8C82D73F5AC009D87E4 /* CityFactsTests */,
			);
			name = CityFactsTests;
			packageProductDependencies = (
			);
			productName = CityFactsTests;
			productReference = 7701B8C52D73F5AC009D87E4 /* CityFactsTests.xctest */;
			productType = "com.apple.product-type.bundle.unit-test";
		};
		7701B8CE2D73F5AC009D87E4 /* CityFactsUITests */ = {
			isa = PBXNativeTarget;
			buildConfigurationList = 7701B8E02D73F5AC009D87E4 /* Build configuration list for PBXNativeTarget "CityFactsUITests" */;
			buildPhases = (
				7701B8CB2D73F5AC009D87E4 /* Sources */,
				7701B8CC2D73F5AC009D87E4 /* Frameworks */,
				7701B8CD2D73F5AC009D87E4 /* Resources */,
			);
			buildRules = (
			);
			dependencies = (
				7701B8D12D73F5AC009D87E4 /* PBXTargetDependency */,
			);
			fileSystemSynchronizedGroups = (
				7701B8D22D73F5AC009D87E4 /* CityFactsUITests */,
			);
			name = CityFactsUITests;
			packageProductDependencies = (
			);
			productName = CityFactsUITests;
			productReference = 7701B8CF2D73F5AC009D87E4 /* CityFactsUITests.xctest */;
			productType = "com.apple.product-type.bundle.ui-testing";
		};
/* End PBXNativeTarget section */

/* Begin PBXProject section */
		7701B8A72D73F5AA009D87E4 /* Project object */ = {
			isa = PBXProject;
			attributes = {
				BuildIndependentTargetsInParallel = 1;
				LastSwiftUpdateCheck = 1620;
				LastUpgradeCheck = 1620;
				TargetAttributes = {
					7701B8AE2D73F5AA009D87E4 = {
						CreatedOnToolsVersion = 16.2;
					};
					7701B8C42D73F5AC009D87E4 = {
						CreatedOnToolsVersion = 16.2;
						TestTargetID = 7701B8AE2D73F5AA009D87E4;
					};
					7701B8CE2D73F5AC009D87E4 = {
						CreatedOnToolsVersion = 16.2;
						TestTargetID = 7701B8AE2D73F5AA009D87E4;
					};
				};
			};
			buildConfigurationList = 7701B8AA2D73F5AA009D87E4 /* Build configuration list for PBXProject "CityFacts" */;
			developmentRegion = en;
			hasScannedForEncodings = 0;
			knownRegions = (
				en,
				Base,
			);
			mainGroup = 7701B8A62D73F5AA009D87E4;
			minimizedProjectReferenceProxies = 1;
			preferredProjectObjectVersion = 77;
			productRefGroup = 7701B8B02D73F5AA009D87E4 /* Products */;
			projectDirPath = "";
			projectRoot = "";
			targets = (
				7701B8AE2D73F5AA009D87E4 /* CityFacts */,
				7701B8C42D73F5AC009D87E4 /* CityFactsTests */,
				7701B8CE2D73F5AC009D87E4 /* CityFactsUITests */,
			);
		};
/* End PBXProject section */

/* Begin PBXResourcesBuildPhase section */
		7701B8AD2D73F5AA009D87E4 /* Resources */ = {
			isa = PBXResourcesBuildPhase;
			buildActionMask = 2147483647;
			files = (
			);
			runOnlyForDeploymentPostprocessing = 0;
		};
		7701B8C32D73F5AC009D87E4 /* Resources */ = {
			isa = PBXResourcesBuildPhase;
			buildActionMask = 2147483647;
			files = (
			);
			runOnlyForDeploymentPostprocessing = 0;
		};
		7701B8CD2D73F5AC009D87E4 /* Resources */ = {
			isa = PBXResourcesBuildPhase;
			buildActionMask = 2147483647;
			files = (
			);
			runOnlyForDeploymentPostprocessing = 0;
		};
/* End PBXResourcesBuildPhase section */

/* Begin PBXSourcesBuildPhase section */
		7701B8AB2D73F5AA009D87E4 /* Sources */ = {
			isa = PBXSourcesBuildPhase;
			buildActionMask = 2147483647;
			files = (
			);
			runOnlyForDeploymentPostprocessing = 0;
		};
		7701B8C12D73F5AC009D87E4 /* Sources */ = {
			isa = PBXSourcesBuildPhase;
			buildActionMask = 2147483647;
			files = (
			);
			runOnlyForDeploymentPostprocessing = 0;
		};
		7701B8CB2D73F5AC009D87E4 /* Sources */ = {
			isa = PBXSourcesBuildPhase;
			buildActionMask = 2147483647;
			files = (
			);
			runOnlyForDeploymentPostprocessing = 0;
		};
/* End PBXSourcesBuildPhase section */

/* Begin PBXTargetDependency section */
		7701B8C72D73F5AC009D87E4 /* PBXTargetDependency */ = {
			isa = PBXTargetDependency;
			target = 7701B8AE2D73F5AA009D87E4 /* CityFacts */;
			targetProxy = 7701B8C62D73F5AC009D87E4 /* PBXContainerItemProxy */;
		};
		7701B8D12D73F5AC009D87E4 /* PBXTargetDependency */ = {
			isa = PBXTargetDependency;
			target = 7701B8AE2D73F5AA009D87E4 /* CityFacts */;
			targetProxy = 7701B8D02D73F5AC009D87E4 /* PBXContainerItemProxy */;
		};
/* End PBXTargetDependency section */

/* Begin XCBuildConfiguration section */
		7701B8D92D73F5AC009D87E4 /* Debug */ = {
			isa = XCBuildConfiguration;
			buildSettings = {
				ASSETCATALOG_COMPILER_APPICON_NAME = AppIcon;
				ASSETCATALOG_COMPILER_GLOBAL_ACCENT_COLOR_NAME = AccentColor;
				ASSETCATALOG_COMPILER_INCLUDE_ALL_APPICON_ASSETS = YES;
				CODE_SIGN_STYLE = Automatic;
				CURRENT_PROJECT_VERSION = 1;
				DEVELOPMENT_TEAM = ETS7GVVA75;
				GENERATE_INFOPLIST_FILE = YES;
				INFOPLIST_FILE = CityFacts/Info.plist;
				INFOPLIST_KEY_UIApplicationSupportsIndirectInputEvents = YES;
				INFOPLIST_KEY_UILaunchStoryboardName = LaunchScreen;
				INFOPLIST_KEY_UIMainStoryboardFile = Main;
				INFOPLIST_KEY_UISupportedInterfaceOrientations_iPad = "UIInterfaceOrientationPortrait UIInterfaceOrientationPortraitUpsideDown UIInterfaceOrientationLandscapeLeft UIInterfaceOrientationLandscapeRight";
				INFOPLIST_KEY_UISupportedInterfaceOrientations_iPhone = "UIInterfaceOrientationPortrait UIInterfaceOrientationLandscapeLeft UIInterfaceOrientationLandscapeRight";
				IPHONEOS_DEPLOYMENT_TARGET = 16.0;
				LD_RUNPATH_SEARCH_PATHS = (
					"$(inherited)",
					"@executable_path/Frameworks",
				);
				MARKETING_VERSION = 1.0;
				PRODUCT_BUNDLE_IDENTIFIER = com.yourdomain.CityFacts;
				PRODUCT_NAME = "$(TARGET_NAME)";
				SWIFT_EMIT_LOC_STRINGS = YES;
				SWIFT_VERSION = 5.0;
				TARGETED_DEVICE_FAMILY = "1,2";
			};
			name = Debug;
		};
		7701B8DA2D73F5AC009D87E4 /* Release */ = {
			isa = XCBuildConfiguration;
			buildSettings = {
				ASSETCATALOG_COMPILER_APPICON_NAME = AppIcon;
				ASSETCATALOG_COMPILER_GLOBAL_ACCENT_COLOR_NAME = AccentColor;
				ASSETCATALOG_COMPILER_INCLUDE_ALL_APPICON_ASSETS = YES;
				CODE_SIGN_STYLE = Automatic;
				CURRENT_PROJECT_VERSION = 1;
				DEVELOPMENT_TEAM = ETS7GVVA75;
				GENERATE_INFOPLIST_FILE = YES;
				INFOPLIST_FILE = CityFacts/Info.plist;
				INFOPLIST_KEY_UIApplicationSupportsIndirectInputEvents = YES;
				INFOPLIST_KEY_UILaunchStoryboardName = LaunchScreen;
				INFOPLIST_KEY_UIMainStoryboardFile = Main;
				INFOPLIST_KEY_UISupportedInterfaceOrientations_iPad = "UIInterfaceOrientationPortrait UIInterfaceOrientationPortraitUpsideDown UIInterfaceOrientationLandscapeLeft UIInterfaceOrientationLandscapeRight";
				INFOPLIST_KEY_UISupportedInterfaceOrientations_iPhone = "UIInterfaceOrientationPortrait UIInterfaceOrientationLandscapeLeft UIInterfaceOrientationLandscapeRight";
				IPHONEOS_DEPLOYMENT_TARGET = 16.0;
				LD_RUNPATH_SEARCH_PATHS = (
					"$(inherited)",
					"@executable_path/Frameworks",
				);
				MARKETING_VERSION = 1.0;
				PRODUCT_BUNDLE_IDENTIFIER = com.yourdomain.CityFacts;
				PRODUCT_NAME = "$(TARGET_NAME)";
				SWIFT_EMIT_LOC_STRINGS = YES;
				SWIFT_VERSION = 5.0;
				TARGETED_DEVICE_FAMILY = "1,2";
			};
			name = Release;
		};
		7701B8DB2D73F5AC009D87E4 /* Debug */ = {
			isa = XCBuildConfiguration;
			buildSettings = {
				ALWAYS_SEARCH_USER_PATHS = NO;
				ASSETCATALOG_COMPILER_GENERATE_SWIFT_ASSET_SYMBOL_EXTENSIONS = YES;
				CLANG_ANALYZER_NONNULL = YES;
				CLANG_ANALYZER_NUMBER_OBJECT_CONVERSION = YES_AGGRESSIVE;
				CLANG_CXX_LANGUAGE_STANDARD = "gnu++20";
				CLANG_ENABLE_MODULES = YES;
				CLANG_ENABLE_OBJC_ARC = YES;
				CLANG_ENABLE_OBJC_WEAK = YES;
				CLANG_WARN_BLOCK_CAPTURE_AUTORELEASING = YES;
				CLANG_WARN_BOOL_CONVERSION = YES;
				CLANG_WARN_COMMA = YES;
				CLANG_WARN_CONSTANT_CONVERSION = YES;
				CLANG_WARN_DEPRECATED_OBJC_IMPLEMENTATIONS = YES;
				CLANG_WARN_DIRECT_OBJC_ISA_USAGE = YES_ERROR;
				CLANG_WARN_DOCUMENTATION_COMMENTS = YES;
				CLANG_WARN_EMPTY_BODY = YES;
				CLANG_WARN_ENUM_CONVERSION = YES;
				CLANG_WARN_INFINITE_RECURSION = YES;
				CLANG_WARN_INT_CONVERSION = YES;
				CLANG_WARN_NON_LITERAL_NULL_CONVERSION = YES;
				CLANG_WARN_OBJC_IMPLICIT_RETAIN_SELF = YES;
				CLANG_WARN_OBJC_LITERAL_CONVERSION = YES;
				CLANG_WARN_OBJC_ROOT_CLASS = YES_ERROR;
				CLANG_WARN_QUOTED_INCLUDE_IN_FRAMEWORK_HEADER = YES;
				CLANG_WARN_RANGE_LOOP_ANALYSIS = YES;
				CLANG_WARN_STRICT_PROTOTYPES = YES;
				CLANG_WARN_SUSPICIOUS_MOVE = YES;
				CLANG_WARN_UNGUARDED_AVAILABILITY = YES_AGGRESSIVE;
				CLANG_WARN_UNREACHABLE_CODE = YES;
				CLANG_WARN__DUPLICATE_METHOD_MATCH = YES;
				COPY_PHASE_STRIP = NO;
				DEBUG_INFORMATION_FORMAT = dwarf;
				ENABLE_STRICT_OBJC_MSGSEND = YES;
				ENABLE_TESTABILITY = YES;
				ENABLE_USER_SCRIPT_SANDBOXING = YES;
				GCC_C_LANGUAGE_STANDARD = gnu17;
				GCC_DYNAMIC_NO_PIC = NO;
				GCC_NO_COMMON_BLOCKS = YES;
				GCC_OPTIMIZATION_LEVEL = 0;
				GCC_PREPROCESSOR_DEFINITIONS = (
					"DEBUG=1",
					"$(inherited)",
				);
				GCC_WARN_64_TO_32_BIT_CONVERSION = YES;
				GCC_WARN_ABOUT_RETURN_TYPE = YES_ERROR;
				GCC_WARN_UNDECLARED_SELECTOR = YES;
				GCC_WARN_UNINITIALIZED_AUTOS = YES_AGGRESSIVE;
				GCC_WARN_UNUSED_FUNCTION = YES;
				GCC_WARN_UNUSED_VARIABLE = YES;
				IPHONEOS_DEPLOYMENT_TARGET = 18.2;
				LOCALIZATION_PREFERS_STRING_CATALOGS = YES;
				MTL_ENABLE_DEBUG_INFO = INCLUDE_SOURCE;
				MTL_FAST_MATH = YES;
				ONLY_ACTIVE_ARCH = YES;
				SDKROOT = iphoneos;
				SWIFT_ACTIVE_COMPILATION_CONDITIONS = "DEBUG $(inherited)";
				SWIFT_OPTIMIZATION_LEVEL = "-Onone";
			};
			name = Debug;
		};
		7701B8DC2D73F5AC009D87E4 /* Release */ = {
			isa = XCBuildConfiguration;
			buildSettings = {
				ALWAYS_SEARCH_USER_PATHS = NO;
				ASSETCATALOG_COMPILER_GENERATE_SWIFT_ASSET_SYMBOL_EXTENSIONS = YES;
				CLANG_ANALYZER_NONNULL = YES;
				CLANG_ANALYZER_NUMBER_OBJECT_CONVERSION = YES_AGGRESSIVE;
				CLANG_CXX_LANGUAGE_STANDARD = "gnu++20";
				CLANG_ENABLE_MODULES = YES;
				CLANG_ENABLE_OBJC_ARC = YES;
				CLANG_ENABLE_OBJC_WEAK = YES;
				CLANG_WARN_BLOCK_CAPTURE_AUTORELEASING = YES;
				CLANG_WARN_BOOL_CONVERSION = YES;
				CLANG_WARN_COMMA = YES;
				CLANG_WARN_CONSTANT_CONVERSION = YES;
				CLANG_WARN_DEPRECATED_OBJC_IMPLEMENTATIONS = YES;
				CLANG_WARN_DIRECT_OBJC_ISA_USAGE = YES_ERROR;
				CLANG_WARN_DOCUMENTATION_COMMENTS = YES;
				CLANG_WARN_EMPTY_BODY = YES;
				CLANG_WARN_ENUM_CONVERSION = YES;
				CLANG_WARN_INFINITE_RECURSION = YES;
				CLANG_WARN_INT_CONVERSION = YES;
				CLANG_WARN_NON_LITERAL_NULL_CONVERSION = YES;
				CLANG_WARN_OBJC_IMPLICIT_RETAIN_SELF = YES;
				CLANG_WARN_OBJC_LITERAL_CONVERSION = YES;
				CLANG_WARN_OBJC_ROOT_CLASS = YES_ERROR;
				CLANG_WARN_QUOTED_INCLUDE_IN_FRAMEWORK_HEADER = YES;
				CLANG_WARN_RANGE_LOOP_ANALYSIS = YES;
				CLANG_WARN_STRICT_PROTOTYPES = YES;
				CLANG_WARN_SUSPICIOUS_MOVE = YES;
				CLANG_WARN_UNGUARDED_AVAILABILITY = YES_AGGRESSIVE;
				CLANG_WARN_UNREACHABLE_CODE = YES;
				CLANG_WARN__DUPLICATE_METHOD_MATCH = YES;
				COPY_PHASE_STRIP = NO;
				DEBUG_INFORMATION_FORMAT = "dwarf-with-dsym";
				ENABLE_NS_ASSERTIONS = NO;
				ENABLE_STRICT_OBJC_MSGSEND = YES;
				ENABLE_USER_SCRIPT_SANDBOXING = YES;
				GCC_C_LANGUAGE_STANDARD = gnu17;
				GCC_NO_COMMON_BLOCKS = YES;
				GCC_WARN_64_TO_32_BIT_CONVERSION = YES;
				GCC_WARN_ABOUT_RETURN_TYPE = YES_ERROR;
				GCC_WARN_UNDECLARED_SELECTOR = YES;
				GCC_WARN_UNINITIALIZED_AUTOS = YES_AGGRESSIVE;
				GCC_WARN_UNUSED_FUNCTION = YES;
				GCC_WARN_UNUSED_VARIABLE = YES;
				IPHONEOS_DEPLOYMENT_TARGET = 18.2;
				LOCALIZATION_PREFERS_STRING_CATALOGS = YES;
				MTL_ENABLE_DEBUG_INFO = NO;
				MTL_FAST_MATH = YES;
				SDKROOT = iphoneos;
				SWIFT_COMPILATION_MODE = wholemodule;
				VALIDATE_PRODUCT = YES;
			};
			name = Release;
		};
		7701B8DE2D73F5AC009D87E4 /* Debug */ = {
			isa = XCBuildConfiguration;
			buildSettings = {
				BUNDLE_LOADER = "$(TEST_HOST)";
				CODE_SIGN_STYLE = Automatic;
				CURRENT_PROJECT_VERSION = 1;
				GENERATE_INFOPLIST_FILE = YES;
				IPHONEOS_DEPLOYMENT_TARGET = 18.2;
				MARKETING_VERSION = 1.0;
				PRODUCT_BUNDLE_IDENTIFIER = com.alanbainbridge.CityFactsTests;
				PRODUCT_NAME = "$(TARGET_NAME)";
				SWIFT_EMIT_LOC_STRINGS = NO;
				SWIFT_VERSION = 5.0;
				TARGETED_DEVICE_FAMILY = "1,2";
				TEST_HOST = "$(BUILT_PRODUCTS_DIR)/CityFacts.app/$(BUNDLE_EXECUTABLE_FOLDER_PATH)/CityFacts";
			};
			name = Debug;
		};
		7701B8DF2D73F5AC009D87E4 /* Release */ = {
			isa = XCBuildConfiguration;
			buildSettings = {
				BUNDLE_LOADER = "$(TEST_HOST)";
				CODE_SIGN_STYLE = Automatic;
				CURRENT_PROJECT_VERSION = 1;
				GENERATE_INFOPLIST_FILE = YES;
				IPHONEOS_DEPLOYMENT_TARGET = 18.2;
				MARKETING_VERSION = 1.0;
				PRODUCT_BUNDLE_IDENTIFIER = com.alanbainbridge.CityFactsTests;
				PRODUCT_NAME = "$(TARGET_NAME)";
				SWIFT_EMIT_LOC_STRINGS = NO;
				SWIFT_VERSION = 5.0;
				TARGETED_DEVICE_FAMILY = "1,2";
				TEST_HOST = "$(BUILT_PRODUCTS_DIR)/CityFacts.app/$(BUNDLE_EXECUTABLE_FOLDER_PATH)/CityFacts";
			};
			name = Release;
		};
		7701B8E12D73F5AC009D87E4 /* Debug */ = {
			isa = XCBuildConfiguration;
			buildSettings = {
				CODE_SIGN_STYLE = Automatic;
				CURRENT_PROJECT_VERSION = 1;
				GENERATE_INFOPLIST_FILE = YES;
				MARKETING_VERSION = 1.0;
				PRODUCT_BUNDLE_IDENTIFIER = com.alanbainbridge.CityFactsUITests;
				PRODUCT_NAME = "$(TARGET_NAME)";
				SWIFT_EMIT_LOC_STRINGS = NO;
				SWIFT_VERSION = 5.0;
				TARGETED_DEVICE_FAMILY = "1,2";
				TEST_TARGET_NAME = CityFacts;
			};
			name = Debug;
		};
		7701B8E22D73F5AC009D87E4 /* Release */ = {
			isa = XCBuildConfiguration;
			buildSettings = {
				CODE_SIGN_STYLE = Automatic;
				CURRENT_PROJECT_VERSION = 1;
				GENERATE_INFOPLIST_FILE = YES;
				MARKETING_VERSION = 1.0;
				PRODUCT_BUNDLE_IDENTIFIER = com.alanbainbridge.CityFactsUITests;
				PRODUCT_NAME = "$(TARGET_NAME)";
				SWIFT_EMIT_LOC_STRINGS = NO;
				SWIFT_VERSION = 5.0;
				TARGETED_DEVICE_FAMILY = "1,2";
				TEST_TARGET_NAME = CityFacts;
			};
			name = Release;
		};
/* End XCBuildConfiguration section */

/* Begin XCConfigurationList section */
		7701B8AA2D73F5AA009D87E4 /* Build configuration list for PBXProject "CityFacts" */ = {
			isa = XCConfigurationList;
			buildConfigurations = (
				7701B8DB2D73F5AC009D87E4 /* Debug */,
				7701B8DC2D73F5AC009D87E4 /* Release */,
			);
			defaultConfigurationIsVisible = 0;
			defaultConfigurationName = Release;
		};
		7701B8D82D73F5AC009D87E4 /* Build configuration list for PBXNativeTarget "CityFacts" */ = {
			isa = XCConfigurationList;
			buildConfigurations = (
				7701B8D92D73F5AC009D87E4 /* Debug */,
				7701B8DA2D73F5AC009D87E4 /* Release */,
			);
			defaultConfigurationIsVisible = 0;
			defaultConfigurationName = Release;
		};
		7701B8DD2D73F5AC009D87E4 /* Build configuration list for PBXNativeTarget "CityFactsTests" */ = {
			isa = XCConfigurationList;
			buildConfigurations = (
				7701B8DE2D73F5AC009D87E4 /* Debug */,
				7701B8DF2D73F5AC009D87E4 /* Release */,
			);
			defaultConfigurationIsVisible = 0;
			defaultConfigurationName = Release;
		};
		7701B8E02D73F5AC009D87E4 /* Build configuration list for PBXNativeTarget "CityFactsUITests" */ = {
			isa = XCConfigurationList;
			buildConfigurations = (
				7701B8E12D73F5AC009D87E4 /* Debug */,
				7701B8E22D73F5AC009D87E4 /* Release */,
			);
			defaultConfigurationIsVisible = 0;
			defaultConfigurationName = Release;
		};
/* End XCConfigurationList section */
	};
	rootObject = 7701B8A72D73F5AA009D87E4 /* Project object */;
}
